
Microsoft Visual Studio Solution File, Format Version 12.00
# Visual Studio Version 16
VisualStudioVersion = 16.0.30330.147
MinimumVisualStudioVersion = 10.0.40219.1
Project("{F2A71F9B-5D33-465A-A702-920D77279786}") = "FApp2_5", "FApp2_5.fsproj", "{E83C857B-2524-43A2-8A48-F36157141C5B}"
EndProject
Global
	GlobalSection(SolutionConfigurationPlatforms) = preSolution
		Debug|Any CPU = Debug|Any CPU
		Release|Any CPU = Release|Any CPU
	EndGlobalSection
	GlobalSection(ProjectConfigurationPlatforms) = postSolution
		{E83C857B-2524-43A2-8A48-F36157141C5B}.Debug|Any CPU.ActiveCfg = Debug|Any CPU
		{E83C857B-2524-43A2-8A48-F36157141C5B}.Debug|Any CPU.Build.0 = Debug|Any CPU
		{E83C857B-2524-43A2-8A48-F36157141C5B}.Release|Any CPU.ActiveCfg = Release|Any CPU
		{E83C857B-2524-43A2-8A48-F36157141C5B}.Release|Any CPU.Build.0 = Release|Any CPU
	EndGlobalSection
	GlobalSection(SolutionProperties) = preSolution
		HideSolutionNode = FALSE
	EndGlobalSection
	GlobalSection(ExtensibilityGlobals) = postSolution
		SolutionGuid = {6A09BF0B-011C-4446-BF8C-75EFDC308D07}
	EndGlobalSection
EndGlobal
